
Microsoft Visual Studio Solution File, Format Version 12.00
# Visual Studio Version 16
VisualStudioVersion = 16.0.34729.46
MinimumVisualStudioVersion = 10.0.40219.1
Project("{8BC9CEB8-8B4A-11D0-8D11-00A0C91BC942}") = "OpenGLFirstProject", "OpenGLFirstProject\OpenGLFirstProject.vcxproj", "{341843E5-C168-47D3-B0C1-84E1C800A340}"
EndProject
Global
	GlobalSection(SolutionConfigurationPlatforms) = preSolution
		Debug|x64 = Debug|x64
		Debug|x86 = Debug|x86
		Release|x64 = Release|x64
		Release|x86 = Release|x86
	EndGlobalSection
	GlobalSection(ProjectConfigurationPlatforms) = postSolution
		{341843E5-C168-47D3-B0C1-84E1C800A340}.Debug|x64.ActiveCfg = Debug|x64
		{341843E5-C168-47D3-B0C1-84E1C800A340}.Debug|x64.Build.0 = Debug|x64
		{341843E5-C168-47D3-B0C1-84E1C800A340}.Debug|x86.ActiveCfg = Debug|Win32
		{341843E5-C168-47D3-B0C1-84E1C800A340}.Debug|x86.Build.0 = Debug|Win32
		{341843E5-C168-47D3-B0C1-84E1C800A340}.Release|x64.ActiveCfg = Release|x64
		{341843E5-C168-47D3-B0C1-84E1C800A340}.Release|x64.Build.0 = Release|x64
		{341843E5-C168-47D3-B0C1-84E1C800A340}.Release|x86.ActiveCfg = Release|Win32
		{341843E5-C168-47D3-B0C1-84E1C800A340}.Release|x86.Build.0 = Release|Win32
	EndGlobalSection
	GlobalSection(SolutionProperties) = preSolution
		HideSolutionNode = FALSE
	EndGlobalSection
	GlobalSection(ExtensibilityGlobals) = postSolution
		SolutionGuid = {39D15D0F-43B8-482F-BE55-EFEB6A1EB7B8}
	EndGlobalSection
EndGlobal
